// !$*UTF8*$!
{
	archiveVersion = 1;
	classes = {
	};
	objectVersion = 56;
	objects = {

/* Begin PBXBuildFile section */
		FA7916A2286BC712008C4097 /* c__App.swift in Sources */ = {isa = PBXBuildFile; fileRef = FA7916A1286BC712008C4097 /* c__App.swift */; };
		FA7916A4286BC712008C4097 /* ContentView.swift in Sources */ = {isa = PBXBuildFile; fileRef = FA7916A3286BC712008C4097 /* ContentView.swift */; };
		FA7916A6286BC714008C4097 /* Assets.xcassets in Resources */ = {isa = PBXBuildFile; fileRef = FA7916A5286BC714008C4097 /* Assets.xcassets */; };
		FA7916AA286BC714008C4097 /* Preview Assets.xcassets in Resources */ = {isa = PBXBuildFile; fileRef = FA7916A9286BC714008C4097 /* Preview Assets.xcassets */; };
		FA7916B4286BC714008C4097 /* c__Tests.swift in Sources */ = {isa = PBXBuildFile; fileRef = FA7916B3286BC714008C4097 /* c__Tests.swift */; };
		FA7916BE286BC714008C4097 /* c__UITests.swift in Sources */ = {isa = PBXBuildFile; fileRef = FA7916BD286BC714008C4097 /* c__UITests.swift */; };
		FA7916C0286BC714008C4097 /* c__UITestsLaunchTests.swift in Sources */ = {isa = PBXBuildFile; fileRef = FA7916BF286BC714008C4097 /* c__UITestsLaunchTests.swift */; };
/* End PBXBuildFile section */

/* Begin PBXContainerItemProxy section */
		FA7916B0286BC714008C4097 /* PBXContainerItemProxy */ = {
			isa = PBXContainerItemProxy;
			containerPortal = FA791696286BC712008C4097 /* Project object */;
			proxyType = 1;
			remoteGlobalIDString = FA79169D286BC712008C4097;
			remoteInfo = "c++";
		};
		FA7916BA286BC714008C4097 /* PBXContainerItemProxy */ = {
			isa = PBXContainerItemProxy;
			containerPortal = FA791696286BC712008C4097 /* Project object */;
			proxyType = 1;
			remoteGlobalIDString = FA79169D286BC712008C4097;
			remoteInfo = "c++";
		};
/* End PBXContainerItemProxy section */

/* Begin PBXFileReference section */
		FA79169E286BC712008C4097 /* c++.app */ = {isa = PBXFileReference; explicitFileType = wrapper.application; includeInIndex = 0; path = "c++.app"; sourceTree = BUILT_PRODUCTS_DIR; };
		FA7916A1286BC712008C4097 /* c__App.swift */ = {isa = PBXFileReference; lastKnownFileType = sourcecode.swift; path = c__App.swift; sourceTree = "<group>"; };
		FA7916A3286BC712008C4097 /* ContentView.swift */ = {isa = PBXFileReference; lastKnownFileType = sourcecode.swift; path = ContentView.swift; sourceTree = "<group>"; };
		FA7916A5286BC714008C4097 /* Assets.xcassets */ = {isa = PBXFileReference; lastKnownFileType = folder.assetcatalog; path = Assets.xcassets; sourceTree = "<group>"; };
		FA7916A7286BC714008C4097 /* c__.entitlements */ = {isa = PBXFileReference; lastKnownFileType = text.plist.entitlements; path = c__.entitlements; sourceTree = "<group>"; };
		FA7916A9286BC714008C4097 /* Preview Assets.xcassets */ = {isa = PBXFileReference; lastKnownFileType = folder.assetcatalog; path = "Preview Assets.xcassets"; sourceTree = "<group>"; };
		FA7916AF286BC714008C4097 /* c++Tests.xctest */ = {isa = PBXFileReference; explicitFileType = wrapper.cfbundle; includeInIndex = 0; path = "c++Tests.xctest"; sourceTree = BUILT_PRODUCTS_DIR; };
		FA7916B3286BC714008C4097 /* c__Tests.swift */ = {isa = PBXFileReference; lastKnownFileType = sourcecode.swift; path = c__Tests.swift; sourceTree = "<group>"; };
		FA7916B9286BC714008C4097 /* c++UITests.xctest */ = {isa = PBXFileReference; explicitFileType = wrapper.cfbundle; includeInIndex = 0; path = "c++UITests.xctest"; sourceTree = BUILT_PRODUCTS_DIR; };
		FA7916BD286BC714008C4097 /* c__UITests.swift */ = {isa = PBXFileReference; lastKnownFileType = sourcecode.swift; path = c__UITests.swift; sourceTree = "<group>"; };
		FA7916BF286BC714008C4097 /* c__UITestsLaunchTests.swift */ = {isa = PBXFileReference; lastKnownFileType = sourcecode.swift; path = c__UITestsLaunchTests.swift; sourceTree = "<group>"; };
/* End PBXFileReference section */

/* Begin PBXFrameworksBuildPhase section */
		FA79169B286BC712008C4097 /* Frameworks */ = {
			isa = PBXFrameworksBuildPhase;
			buildActionMask = 2147483647;
			files = (
			);
			runOnlyForDeploymentPostprocessing = 0;
		};
		FA7916AC286BC714008C4097 /* Frameworks */ = {
			isa = PBXFrameworksBuildPhase;
			buildActionMask = 2147483647;
			files = (
			);
			runOnlyForDeploymentPostprocessing = 0;
		};
		FA7916B6286BC714008C4097 /* Frameworks */ = {
			isa = PBXFrameworksBuildPhase;
			buildActionMask = 2147483647;
			files = (
			);
			runOnlyForDeploymentPostprocessing = 0;
		};
/* End PBXFrameworksBuildPhase section */

/* Begin PBXGroup section */
		FA791695286BC712008C4097 = {
			isa = PBXGroup;
			children = (
				FA7916A0286BC712008C4097 /* c++ */,
				FA7916B2286BC714008C4097 /* c++Tests */,
				FA7916BC286BC714008C4097 /* c++UITests */,
				FA79169F286BC712008C4097 /* Products */,
			);
			sourceTree = "<group>";
		};
		FA79169F286BC712008C4097 /* Products */ = {
			isa = PBXGroup;
			children = (
				FA79169E286BC712008C4097 /* c++.app */,
				FA7916AF286BC714008C4097 /* c++Tests.xctest */,
				FA7916B9286BC714008C4097 /* c++UITests.xctest */,
			);
			name = Products;
			sourceTree = "<group>";
		};
		FA7916A0286BC712008C4097 /* c++ */ = {
			isa = PBXGroup;
			children = (
				FA7916A1286BC712008C4097 /* c__App.swift */,
				FA7916A3286BC712008C4097 /* ContentView.swift */,
				FA7916A5286BC714008C4097 /* Assets.xcassets */,
				FA7916A7286BC714008C4097 /* c__.entitlements */,
				FA7916A8286BC714008C4097 /* Preview Content */,
			);
			path = "c++";
			sourceTree = "<group>";
		};
		FA7916A8286BC714008C4097 /* Preview Content */ = {
			isa = PBXGroup;
			children = (
				FA7916A9286BC714008C4097 /* Preview Assets.xcassets */,
			);
			path = "Preview Content";
			sourceTree = "<group>";
		};
		FA7916B2286BC714008C4097 /* c++Tests */ = {
			isa = PBXGroup;
			children = (
				FA7916B3286BC714008C4097 /* c__Tests.swift */,
			);
			path = "c++Tests";
			sourceTree = "<group>";
		};
		FA7916BC286BC714008C4097 /* c++UITests */ = {
			isa = PBXGroup;
			children = (
				FA7916BD286BC714008C4097 /* c__UITests.swift */,
				FA7916BF286BC714008C4097 /* c__UITestsLaunchTests.swift */,
			);
			path = "c++UITests";
			sourceTree = "<group>";
		};
/* End PBXGroup section */

/* Begin PBXNativeTarget section */
		FA79169D286BC712008C4097 /* c++ */ = {
			isa = PBXNativeTarget;
			buildConfigurationList = FA7916C3286BC714008C4097 /* Build configuration list for PBXNativeTarget "c++" */;
			buildPhases = (
				FA79169A286BC712008C4097 /* Sources */,
				FA79169B286BC712008C4097 /* Frameworks */,
				FA79169C286BC712008C4097 /* Resources */,
			);
			buildRules = (
			);
			dependencies = (
			);
			name = "c++";
			productName = "c++";
			productReference = FA79169E286BC712008C4097 /* c++.app */;
			productType = "com.apple.product-type.application";
		};
		FA7916AE286BC714008C4097 /* c++Tests */ = {
			isa = PBXNativeTarget;
			buildConfigurationList = FA7916C6286BC714008C4097 /* Build configuration list for PBXNativeTarget "c++Tests" */;
			buildPhases = (
				FA7916AB286BC714008C4097 /* Sources */,
				FA7916AC286BC714008C4097 /* Frameworks */,
				FA7916AD286BC714008C4097 /* Resources */,
			);
			buildRules = (
			);
			dependencies = (
				FA7916B1286BC714008C4097 /* PBXTargetDependency */,
			);
			name = "c++Tests";
			productName = "c++Tests";
			productReference = FA7916AF286BC714008C4097 /* c++Tests.xctest */;
			productType = "com.apple.product-type.bundle.unit-test";
		};
		FA7916B8286BC714008C4097 /* c++UITests */ = {
			isa = PBXNativeTarget;
			buildConfigurationList = FA7916C9286BC714008C4097 /* Build configuration list for PBXNativeTarget "c++UITests" */;
			buildPhases = (
				FA7916B5286BC714008C4097 /* Sources */,
				FA7916B6286BC714008C4097 /* Frameworks */,
				FA7916B7286BC714008C4097 /* Resources */,
			);
			buildRules = (
			);
			dependencies = (
				FA7916BB286BC714008C4097 /* PBXTargetDependency */,
			);
			name = "c++UITests";
			productName = "c++UITests";
			productReference = FA7916B9286BC714008C4097 /* c++UITests.xctest */;
			productType = "com.apple.product-type.bundle.ui-testing";
		};
/* End PBXNativeTarget section */

/* Begin PBXProject section */
		FA791696286BC712008C4097 /* Project object */ = {
			isa = PBXProject;
			attributes = {
				BuildIndependentTargetsInParallel = 1;
				LastSwiftUpdateCheck = 1400;
				LastUpgradeCheck = 1400;
				TargetAttributes = {
					FA79169D286BC712008C4097 = {
						CreatedOnToolsVersion = 14.0;
					};
					FA7916AE286BC714008C4097 = {
						CreatedOnToolsVersion = 14.0;
						TestTargetID = FA79169D286BC712008C4097;
					};
					FA7916B8286BC714008C4097 = {
						CreatedOnToolsVersion = 14.0;
						TestTargetID = FA79169D286BC712008C4097;
					};
				};
			};
			buildConfigurationList = FA791699286BC712008C4097 /* Build configuration list for PBXProject "c++" */;
			compatibilityVersion = "Xcode 14.0";
			developmentRegion = en;
			hasScannedForEncodings = 0;
			knownRegions = (
				en,
				Base,
			);
			mainGroup = FA791695286BC712008C4097;
			productRefGroup = FA79169F286BC712008C4097 /* Products */;
			projectDirPath = "";
			projectRoot = "";
			targets = (
				FA79169D286BC712008C4097 /* c++ */,
				FA7916AE286BC714008C4097 /* c++Tests */,
				FA7916B8286BC714008C4097 /* c++UITests */,
			);
		};
/* End PBXProject section */

/* Begin PBXResourcesBuildPhase section */
		FA79169C286BC712008C4097 /* Resources */ = {
			isa = PBXResourcesBuildPhase;
			buildActionMask = 2147483647;
			files = (
				FA7916AA286BC714008C4097 /* Preview Assets.xcassets in Resources */,
				FA7916A6286BC714008C4097 /* Assets.xcassets in Resources */,
			);
			runOnlyForDeploymentPostprocessing = 0;
		};
		FA7916AD286BC714008C4097 /* Resources */ = {
			isa = PBXResourcesBuildPhase;
			buildActionMask = 2147483647;
			files = (
			);
			runOnlyForDeploymentPostprocessing = 0;
		};
		FA7916B7286BC714008C4097 /* Resources */ = {
			isa = PBXResourcesBuildPhase;
			buildActionMask = 2147483647;
			files = (
			);
			runOnlyForDeploymentPostprocessing = 0;
		};
/* End PBXResourcesBuildPhase section */

/* Begin PBXSourcesBuildPhase section */
		FA79169A286BC712008C4097 /* Sources */ = {
			isa = PBXSourcesBuildPhase;
			buildActionMask = 2147483647;
			files = (
				FA7916A4286BC712008C4097 /* ContentView.swift in Sources */,
				FA7916A2286BC712008C4097 /* c__App.swift in Sources */,
			);
			runOnlyForDeploymentPostprocessing = 0;
		};
		FA7916AB286BC714008C4097 /* Sources */ = {
			isa = PBXSourcesBuildPhase;
			buildActionMask = 2147483647;
			files = (
				FA7916B4286BC714008C4097 /* c__Tests.swift in Sources */,
			);
			runOnlyForDeploymentPostprocessing = 0;
		};
		FA7916B5286BC714008C4097 /* Sources */ = {
			isa = PBXSourcesBuildPhase;
			buildActionMask = 2147483647;
			files = (
				FA7916C0286BC714008C4097 /* c__UITestsLaunchTests.swift in Sources */,
				FA7916BE286BC714008C4097 /* c__UITests.swift in Sources */,
			);
			runOnlyForDeploymentPostprocessing = 0;
		};
/* End PBXSourcesBuildPhase section */

/* Begin PBXTargetDependency section */
		FA7916B1286BC714008C4097 /* PBXTargetDependency */ = {
			isa = PBXTargetDependency;
			target = FA79169D286BC712008C4097 /* c++ */;
			targetProxy = FA7916B0286BC714008C4097 /* PBXContainerItemProxy */;
		};
		FA7916BB286BC714008C4097 /* PBXTargetDependency */ = {
			isa = PBXTargetDependency;
			target = FA79169D286BC712008C4097 /* c++ */;
			targetProxy = FA7916BA286BC714008C4097 /* PBXContainerItemProxy */;
		};
/* End PBXTargetDependency section */

/* Begin XCBuildConfiguration section */
		FA7916C1286BC714008C4097 /* Debug */ = {
			isa = XCBuildConfiguration;
			buildSettings = {
				ALWAYS_SEARCH_USER_PATHS = NO;
				CLANG_ANALYZER_NONNULL = YES;
				CLANG_ANALYZER_NUMBER_OBJECT_CONVERSION = YES_AGGRESSIVE;
				CLANG_CXX_LANGUAGE_STANDARD = "gnu++17";
				CLANG_ENABLE_MODULES = YES;
				CLANG_ENABLE_OBJC_ARC = YES;
				CLANG_ENABLE_OBJC_WEAK = YES;
				CLANG_WARN_BLOCK_CAPTURE_AUTORELEASING = YES;
				CLANG_WARN_BOOL_CONVERSION = YES;
				CLANG_WARN_COMMA = YES;
				CLANG_WARN_CONSTANT_CONVERSION = YES;
				CLANG_WARN_DEPRECATED_OBJC_IMPLEMENTATIONS = YES;
				CLANG_WARN_DIRECT_OBJC_ISA_USAGE = YES_ERROR;
				CLANG_WARN_DOCUMENTATION_COMMENTS = YES;
				CLANG_WARN_EMPTY_BODY = YES;
				CLANG_WARN_ENUM_CONVERSION = YES;
				CLANG_WARN_INFINITE_RECURSION = YES;
				CLANG_WARN_INT_CONVERSION = YES;
				CLANG_WARN_NON_LITERAL_NULL_CONVERSION = YES;
				CLANG_WARN_OBJC_IMPLICIT_RETAIN_SELF = YES;
				CLANG_WARN_OBJC_LITERAL_CONVERSION = YES;
				CLANG_WARN_OBJC_ROOT_CLASS = YES_ERROR;
				CLANG_WARN_QUOTED_INCLUDE_IN_FRAMEWORK_HEADER = YES;
				CLANG_WARN_RANGE_LOOP_ANALYSIS = YES;
				CLANG_WARN_STRICT_PROTOTYPES = YES;
				CLANG_WARN_SUSPICIOUS_MOVE = YES;
				CLANG_WARN_UNGUARDED_AVAILABILITY = YES_AGGRESSIVE;
				CLANG_WARN_UNREACHABLE_CODE = YES;
				CLANG_WARN__DUPLICATE_METHOD_MATCH = YES;
				COPY_PHASE_STRIP = NO;
				DEBUG_INFORMATION_FORMAT = dwarf;
				ENABLE_STRICT_OBJC_MSGSEND = YES;
				ENABLE_TESTABILITY = YES;
				GCC_C_LANGUAGE_STANDARD = gnu11;
				GCC_DYNAMIC_NO_PIC = NO;
				GCC_NO_COMMON_BLOCKS = YES;
				GCC_OPTIMIZATION_LEVEL = 0;
				GCC_PREPROCESSOR_DEFINITIONS = (
					"DEBUG=1",
					"$(inherited)",
				);
				GCC_WARN_64_TO_32_BIT_CONVERSION = YES;
				GCC_WARN_ABOUT_RETURN_TYPE = YES_ERROR;
				GCC_WARN_UNDECLARED_SELECTOR = YES;
				GCC_WARN_UNINITIALIZED_AUTOS = YES_AGGRESSIVE;
				GCC_WARN_UNUSED_FUNCTION = YES;
				GCC_WARN_UNUSED_VARIABLE = YES;
				MTL_ENABLE_DEBUG_INFO = INCLUDE_SOURCE;
				MTL_FAST_MATH = YES;
				ONLY_ACTIVE_ARCH = YES;
				SWIFT_ACTIVE_COMPILATION_CONDITIONS = DEBUG;
				SWIFT_OPTIMIZATION_LEVEL = "-Onone";
			};
			name = Debug;
		};
		FA7916C2286BC714008C4097 /* Release */ = {
			isa = XCBuildConfiguration;
			buildSettings = {
				ALWAYS_SEARCH_USER_PATHS = NO;
				CLANG_ANALYZER_NONNULL = YES;
				CLANG_ANALYZER_NUMBER_OBJECT_CONVERSION = YES_AGGRESSIVE;
				CLANG_CXX_LANGUAGE_STANDARD = "gnu++17";
				CLANG_ENABLE_MODULES = YES;
				CLANG_ENABLE_OBJC_ARC = YES;
				CLANG_ENABLE_OBJC_WEAK = YES;
				CLANG_WARN_BLOCK_CAPTURE_AUTORELEASING = YES;
				CLANG_WARN_BOOL_CONVERSION = YES;
				CLANG_WARN_COMMA = YES;
				CLANG_WARN_CONSTANT_CONVERSION = YES;
				CLANG_WARN_DEPRECATED_OBJC_IMPLEMENTATIONS = YES;
				CLANG_WARN_DIRECT_OBJC_ISA_USAGE = YES_ERROR;
				CLANG_WARN_DOCUMENTATION_COMMENTS = YES;
				CLANG_WARN_EMPTY_BODY = YES;
				CLANG_WARN_ENUM_CONVERSION = YES;
				CLANG_WARN_INFINITE_RECURSION = YES;
				CLANG_WARN_INT_CONVERSION = YES;
				CLANG_WARN_NON_LITERAL_NULL_CONVERSION = YES;
				CLANG_WARN_OBJC_IMPLICIT_RETAIN_SELF = YES;
				CLANG_WARN_OBJC_LITERAL_CONVERSION = YES;
				CLANG_WARN_OBJC_ROOT_CLASS = YES_ERROR;
				CLANG_WARN_QUOTED_INCLUDE_IN_FRAMEWORK_HEADER = YES;
				CLANG_WARN_RANGE_LOOP_ANALYSIS = YES;
				CLANG_WARN_STRICT_PROTOTYPES = YES;
				CLANG_WARN_SUSPICIOUS_MOVE = YES;
				CLANG_WARN_UNGUARDED_AVAILABILITY = YES_AGGRESSIVE;
				CLANG_WARN_UNREACHABLE_CODE = YES;
				CLANG_WARN__DUPLICATE_METHOD_MATCH = YES;
				COPY_PHASE_STRIP = NO;
				DEBUG_INFORMATION_FORMAT = "dwarf-with-dsym";
				ENABLE_NS_ASSERTIONS = NO;
				ENABLE_STRICT_OBJC_MSGSEND = YES;
				GCC_C_LANGUAGE_STANDARD = gnu11;
				GCC_NO_COMMON_BLOCKS = YES;
				GCC_WARN_64_TO_32_BIT_CONVERSION = YES;
				GCC_WARN_ABOUT_RETURN_TYPE = YES_ERROR;
				GCC_WARN_UNDECLARED_SELECTOR = YES;
				GCC_WARN_UNINITIALIZED_AUTOS = YES_AGGRESSIVE;
				GCC_WARN_UNUSED_FUNCTION = YES;
				GCC_WARN_UNUSED_VARIABLE = YES;
				MTL_ENABLE_DEBUG_INFO = NO;
				MTL_FAST_MATH = YES;
				SWIFT_COMPILATION_MODE = wholemodule;
				SWIFT_OPTIMIZATION_LEVEL = "-O";
			};
			name = Release;
		};
		FA7916C4286BC714008C4097 /* Debug */ = {
			isa = XCBuildConfiguration;
			buildSettings = {
				ASSETCATALOG_COMPILER_APPICON_NAME = AppIcon;
				ASSETCATALOG_COMPILER_GLOBAL_ACCENT_COLOR_NAME = AccentColor;
				CODE_SIGN_ENTITLEMENTS = "c++/c__.entitlements";
				CODE_SIGN_STYLE = Automatic;
				CURRENT_PROJECT_VERSION = 1;
				DEVELOPMENT_ASSET_PATHS = "\"c++/Preview Content\"";
				ENABLE_PREVIEWS = YES;
				GENERATE_INFOPLIST_FILE = YES;
				"INFOPLIST_KEY_UILaunchScreen_Generation[sdk=iphoneos*]" = YES;
				"INFOPLIST_KEY_UILaunchScreen_Generation[sdk=iphonesimulator*]" = YES;
				INFOPLIST_KEY_UISupportedInterfaceOrientations_iPad = "UIInterfaceOrientationPortrait UIInterfaceOrientationPortraitUpsideDown UIInterfaceOrientationLandscapeLeft UIInterfaceOrientationLandscapeRight";
				INFOPLIST_KEY_UISupportedInterfaceOrientations_iPhone = "UIInterfaceOrientationPortrait UIInterfaceOrientationLandscapeLeft UIInterfaceOrientationLandscapeRight";
				IPHONEOS_DEPLOYMENT_TARGET = 16.0;
				LD_RUNPATH_SEARCH_PATHS = "@executable_path/Frameworks";
				"LD_RUNPATH_SEARCH_PATHS[sdk=macosx*]" = "@executable_path/../Frameworks";
				MACOSX_DEPLOYMENT_TARGET = 12.4;
				MARKETING_VERSION = 1.0;
				PRODUCT_BUNDLE_IDENTIFIER = "me.c--";
				PRODUCT_NAME = "$(TARGET_NAME)";
				SDKROOT = auto;
				SUPPORTED_PLATFORMS = "iphoneos iphonesimulator macosx";
				SWIFT_EMIT_LOC_STRINGS = YES;
				SWIFT_VERSION = 5.0;
				TARGETED_DEVICE_FAMILY = "1,2";
			};
			name = Debug;
		};
		FA7916C5286BC714008C4097 /* Release */ = {
			isa = XCBuildConfiguration;
			buildSettings = {
				ASSETCATALOG_COMPILER_APPICON_NAME = AppIcon;
				ASSETCATALOG_COMPILER_GLOBAL_ACCENT_COLOR_NAME = AccentColor;
				CODE_SIGN_ENTITLEMENTS = "c++/c__.entitlements";
				CODE_SIGN_STYLE = Automatic;
				CURRENT_PROJECT_VERSION = 1;
				DEVELOPMENT_ASSET_PATHS = "\"c++/Preview Content\"";
				ENABLE_PREVIEWS = YES;
				GENERATE_INFOPLIST_FILE = YES;
				"INFOPLIST_KEY_UILaunchScreen_Generation[sdk=iphoneos*]" = YES;
				"INFOPLIST_KEY_UILaunchScreen_Generation[sdk=iphonesimulator*]" = YES;
				INFOPLIST_KEY_UISupportedInterfaceOrientations_iPad = "UIInterfaceOrientationPortrait UIInterfaceOrientationPortraitUpsideDown UIInterfaceOrientationLandscapeLeft UIInterfaceOrientationLandscapeRight";
				INFOPLIST_KEY_UISupportedInterfaceOrientations_iPhone = "UIInterfaceOrientationPortrait UIInterfaceOrientationLandscapeLeft UIInterfaceOrientationLandscapeRight";
				IPHONEOS_DEPLOYMENT_TARGET = 16.0;
				LD_RUNPATH_SEARCH_PATHS = "@executable_path/Frameworks";
				"LD_RUNPATH_SEARCH_PATHS[sdk=macosx*]" = "@executable_path/../Frameworks";
				MACOSX_DEPLOYMENT_TARGET = 12.4;
				MARKETING_VERSION = 1.0;
				PRODUCT_BUNDLE_IDENTIFIER = "me.c--";
				PRODUCT_NAME = "$(TARGET_NAME)";
				SDKROOT = auto;
				SUPPORTED_PLATFORMS = "iphoneos iphonesimulator macosx";
				SWIFT_EMIT_LOC_STRINGS = YES;
				SWIFT_VERSION = 5.0;
				TARGETED_DEVICE_FAMILY = "1,2";
			};
			name = Release;
		};
		FA7916C7286BC714008C4097 /* Debug */ = {
			isa = XCBuildConfiguration;
			buildSettings = {
				ALWAYS_EMBED_SWIFT_STANDARD_LIBRARIES = YES;
				BUNDLE_LOADER = "$(TEST_HOST)";
				CODE_SIGN_STYLE = Automatic;
				CURRENT_PROJECT_VERSION = 1;
				GENERATE_INFOPLIST_FILE = YES;
				IPHONEOS_DEPLOYMENT_TARGET = 16.0;
				MACOSX_DEPLOYMENT_TARGET = 12.4;
				MARKETING_VERSION = 1.0;
				PRODUCT_BUNDLE_IDENTIFIER = "me.c--Tests";
				PRODUCT_NAME = "$(TARGET_NAME)";
				SDKROOT = auto;
				SUPPORTED_PLATFORMS = "iphoneos iphonesimulator macosx";
				SWIFT_EMIT_LOC_STRINGS = NO;
				SWIFT_VERSION = 5.0;
				TARGETED_DEVICE_FAMILY = "1,2";
				TEST_HOST = "$(BUILT_PRODUCTS_DIR)/c++.app/$(BUNDLE_EXECUTABLE_FOLDER_PATH)/c++";
			};
			name = Debug;
		};
		FA7916C8286BC714008C4097 /* Release */ = {
			isa = XCBuildConfiguration;
			buildSettings = {
				ALWAYS_EMBED_SWIFT_STANDARD_LIBRARIES = YES;
				BUNDLE_LOADER = "$(TEST_HOST)";
				CODE_SIGN_STYLE = Automatic;
				CURRENT_PROJECT_VERSION = 1;
				GENERATE_INFOPLIST_FILE = YES;
				IPHONEOS_DEPLOYMENT_TARGET = 16.0;
				MACOSX_DEPLOYMENT_TARGET = 12.4;
				MARKETING_VERSION = 1.0;
				PRODUCT_BUNDLE_IDENTIFIER = "me.c--Tests";
				PRODUCT_NAME = "$(TARGET_NAME)";
				SDKROOT = auto;
				SUPPORTED_PLATFORMS = "iphoneos iphonesimulator macosx";
				SWIFT_EMIT_LOC_STRINGS = NO;
				SWIFT_VERSION = 5.0;
				TARGETED_DEVICE_FAMILY = "1,2";
				TEST_HOST = "$(BUILT_PRODUCTS_DIR)/c++.app/$(BUNDLE_EXECUTABLE_FOLDER_PATH)/c++";
			};
			name = Release;
		};
		FA7916CA286BC714008C4097 /* Debug */ = {
			isa = XCBuildConfiguration;
			buildSettings = {
				ALWAYS_EMBED_SWIFT_STANDARD_LIBRARIES = YES;
				CODE_SIGN_STYLE = Automatic;
				CURRENT_PROJECT_VERSION = 1;
				GENERATE_INFOPLIST_FILE = YES;
				IPHONEOS_DEPLOYMENT_TARGET = 16.0;
				MACOSX_DEPLOYMENT_TARGET = 12.4;
				MARKETING_VERSION = 1.0;
				PRODUCT_BUNDLE_IDENTIFIER = "me.c--UITests";
				PRODUCT_NAME = "$(TARGET_NAME)";
				SDKROOT = auto;
				SUPPORTED_PLATFORMS = "iphoneos iphonesimulator macosx";
				SWIFT_EMIT_LOC_STRINGS = NO;
				SWIFT_VERSION = 5.0;
				TARGETED_DEVICE_FAMILY = "1,2";
				TEST_TARGET_NAME = "c++";
			};
			name = Debug;
		};
		FA7916CB286BC714008C4097 /* Release */ = {
			isa = XCBuildConfiguration;
			buildSettings = {
				ALWAYS_EMBED_SWIFT_STANDARD_LIBRARIES = YES;
				CODE_SIGN_STYLE = Automatic;
				CURRENT_PROJECT_VERSION = 1;
				GENERATE_INFOPLIST_FILE = YES;
				IPHONEOS_DEPLOYMENT_TARGET = 16.0;
				MACOSX_DEPLOYMENT_TARGET = 12.4;
				MARKETING_VERSION = 1.0;
				PRODUCT_BUNDLE_IDENTIFIER = "me.c--UITests";
				PRODUCT_NAME = "$(TARGET_NAME)";
				SDKROOT = auto;
				SUPPORTED_PLATFORMS = "iphoneos iphonesimulator macosx";
				SWIFT_EMIT_LOC_STRINGS = NO;
				SWIFT_VERSION = 5.0;
				TARGETED_DEVICE_FAMILY = "1,2";
				TEST_TARGET_NAME = "c++";
			};
			name = Release;
		};
/* End XCBuildConfiguration section */

/* Begin XCConfigurationList section */
		FA791699286BC712008C4097 /* Build configuration list for PBXProject "c++" */ = {
			isa = XCConfigurationList;
			buildConfigurations = (
				FA7916C1286BC714008C4097 /* Debug */,
				FA7916C2286BC714008C4097 /* Release */,
			);
			defaultConfigurationIsVisible = 0;
			defaultConfigurationName = Release;
		};
		FA7916C3286BC714008C4097 /* Build configuration list for PBXNativeTarget "c++" */ = {
			isa = XCConfigurationList;
			buildConfigurations = (
				FA7916C4286BC714008C4097 /* Debug */,
				FA7916C5286BC714008C4097 /* Release */,
			);
			defaultConfigurationIsVisible = 0;
			defaultConfigurationName = Release;
		};
		FA7916C6286BC714008C4097 /* Build configuration list for PBXNativeTarget "c++Tests" */ = {
			isa = XCConfigurationList;
			buildConfigurations = (
				FA7916C7286BC714008C4097 /* Debug */,
				FA7916C8286BC714008C4097 /* Release */,
			);
			defaultConfigurationIsVisible = 0;
			defaultConfigurationName = Release;
		};
		FA7916C9286BC714008C4097 /* Build configuration list for PBXNativeTarget "c++UITests" */ = {
			isa = XCConfigurationList;
			buildConfigurations = (
				FA7916CA286BC714008C4097 /* Debug */,
				FA7916CB286BC714008C4097 /* Release */,
			);
			defaultConfigurationIsVisible = 0;
			defaultConfigurationName = Release;
		};
/* End XCConfigurationList section */
	};
	rootObject = FA791696286BC712008C4097 /* Project object */;
}
